{
  "nodes": {
    "jux-is-a-nix-maintainer-apparently": {
      "locked": {
        "lastModified": 1758213542,
        "narHash": "sha256-ONAKBE8jzmQao9NvuPtjuo4lvaCr/djtNT1NoQIw0rc=",
        "ref": "main",
        "rev": "c808e0d4cbb3d66a774ec61ad264eb55a5294d27",
        "revCount": 2,
        "type": "git",
        "url": "https://codeberg.org/JuxGD/jux-is-a-nix-maintainer-apparently"
      },
      "original": {
        "ref": "main",
        "type": "git",
        "url": "https://codeberg.org/JuxGD/jux-is-a-nix-maintainer-apparently"
      }
    },
    "nixpkgs": {
      "locked": {
        "lastModified": 1758035966,
        "narHash": "sha256-qqIJ3yxPiB0ZQTT9//nFGQYn8X/PBoJbofA7hRKZnmE=",
        "owner": "NixOS",
        "repo": "nixpkgs",
        "rev": "8d4ddb19d03c65a36ad8d189d001dc32ffb0306b",
        "type": "github"
      },
      "original": {
        "owner": "NixOS",
        "ref": "nixos-unstable",
        "repo": "nixpkgs",
        "type": "github"
      }
    },
    "root": {
      "inputs": {
        "jux-is-a-nix-maintainer-apparently": "jux-is-a-nix-maintainer-apparently",
        "nixpkgs": "nixpkgs"
      }
    }
  },
  "root": "root",
  "version": 7
}
